
Microsoft Visual Studio Solution File, Format Version 12.00
# Visual Studio Version 17
VisualStudioVersion = 17.0.31903.59
MinimumVisualStudioVersion = 10.0.40219.1
Project("{FAE04EC0-301F-11D3-BF4B-00C04F79EFBC}") = "OpenEMS", "OpenEMS\OpenEMS.csproj", "{FDC41A7E-F77C-42C0-9B2B-62221D9C9434}"
EndProject
Project("{FAE04EC0-301F-11D3-BF4B-00C04F79EFBC}") = "HelloPlugin", "HelloPlugin\HelloPlugin.csproj", "{F8005ECB-6D03-4639-81E6-B02D4FA1C8CD}"
EndProject
Global
	GlobalSection(SolutionConfigurationPlatforms) = preSolution
		Debug|Any CPU = Debug|Any CPU
		Release|Any CPU = Release|Any CPU
	EndGlobalSection
	GlobalSection(SolutionProperties) = preSolution
		HideSolutionNode = FALSE
	EndGlobalSection
	GlobalSection(ProjectConfigurationPlatforms) = postSolution
		{FDC41A7E-F77C-42C0-9B2B-62221D9C9434}.Debug|Any CPU.ActiveCfg = Debug|Any CPU
		{FDC41A7E-F77C-42C0-9B2B-62221D9C9434}.Debug|Any CPU.Build.0 = Debug|Any CPU
		{FDC41A7E-F77C-42C0-9B2B-62221D9C9434}.Release|Any CPU.ActiveCfg = Release|Any CPU
		{FDC41A7E-F77C-42C0-9B2B-62221D9C9434}.Release|Any CPU.Build.0 = Release|Any CPU
		{F8005ECB-6D03-4639-81E6-B02D4FA1C8CD}.Debug|Any CPU.ActiveCfg = Debug|Any CPU
		{F8005ECB-6D03-4639-81E6-B02D4FA1C8CD}.Debug|Any CPU.Build.0 = Debug|Any CPU
		{F8005ECB-6D03-4639-81E6-B02D4FA1C8CD}.Release|Any CPU.ActiveCfg = Release|Any CPU
		{F8005ECB-6D03-4639-81E6-B02D4FA1C8CD}.Release|Any CPU.Build.0 = Release|Any CPU
	EndGlobalSection
EndGlobal
